
Microsoft Visual Studio Solution File, Format Version 12.00
# Visual Studio 2013
VisualStudioVersion = 12.0.31101.0
MinimumVisualStudioVersion = 10.0.40219.1
Project("{FAE04EC0-301F-11D3-BF4B-00C04F79EFBC}") = "GeoViewer", "GeoViewer\GeoViewer.csproj", "{E4EF6924-3B98-4BDB-8C4E-1EC3B8AB7569}"
EndProject
Project("{FAE04EC0-301F-11D3-BF4B-00C04F79EFBC}") = "GeoViewer.Common", "GeoViewer.Common\GeoViewer.Common.csproj", "{C6FCBB7E-209C-45B8-AA25-BA9FE96277F3}"
EndProject
Project("{FAE04EC0-301F-11D3-BF4B-00C04F79EFBC}") = "GeoViewer.Modules.Welcome", "GeoViewer.Modules.Welcome\GeoViewer.Modules.Welcome.csproj", "{262CC5A5-165D-489A-B9D8-5F66D163AE45}"
EndProject
Project("{FAE04EC0-301F-11D3-BF4B-00C04F79EFBC}") = "GeoViewer.Modules.Attributes", "GeoViewer.Modules.Attributes\GeoViewer.Modules.Attributes.csproj", "{F1D9B353-0681-40D9-907F-BE9206D57F07}"
EndProject
Project("{FAE04EC0-301F-11D3-BF4B-00C04F79EFBC}") = "GeoViewer.Modules.Structure", "GeoViewer.Modules.Structure\GeoViewer.Modules.Structure.csproj", "{54F04B60-21A1-4433-BFF3-DA6A16E76FF0}"
EndProject
Project("{FAE04EC0-301F-11D3-BF4B-00C04F79EFBC}") = "GeoViewer.Modules.Properties", "GeoViewer.Modules.Properties\GeoViewer.Modules.Properties.csproj", "{3174021C-5BCD-47E1-8D90-177808704A55}"
EndProject
Project("{FAE04EC0-301F-11D3-BF4B-00C04F79EFBC}") = "GeoViewer.Modules.Geometry", "GeoViewer.Modules.Geometry\GeoViewer.Modules.Geometry.csproj", "{EC4C903E-8269-4252-9D78-3AFF60B72F1F}"
EndProject
Project("{2150E333-8FDC-42A3-9474-1A3956D46DE8}") = "Modules", "Modules", "{5E53D27E-3899-4286-BFD7-13532C22E098}"
EndProject
Project("{2150E333-8FDC-42A3-9474-1A3956D46DE8}") = "Tests", "Tests", "{B34D008E-1A1E-41C7-A3E9-31DA5A1FC9DA}"
EndProject
Project("{FAE04EC0-301F-11D3-BF4B-00C04F79EFBC}") = "GeoViewer.Tests", "GeoViewer.Tests\GeoViewer.Tests.csproj", "{9BAD003F-FFD2-4386-985F-16040AAFB103}"
EndProject
Project("{FAE04EC0-301F-11D3-BF4B-00C04F79EFBC}") = "GeoViewer.Common.Tests", "GeoViewer.Common.Tests\GeoViewer.Common.Tests.csproj", "{A636A023-87CF-4B0B-B2A6-540151D212C5}"
EndProject
Project("{FAE04EC0-301F-11D3-BF4B-00C04F79EFBC}") = "GeoViewer.Modules.Attributes.Tests", "GeoViewer.Modules.Attributes.Tests\GeoViewer.Modules.Attributes.Tests.csproj", "{04AA2C42-4E0F-40E7-A0DD-9ABE14EA3BE3}"
EndProject
Project("{FAE04EC0-301F-11D3-BF4B-00C04F79EFBC}") = "GeoViewer.Modules.Geometry.Tests", "GeoViewer.Modules.Geometry.Tests\GeoViewer.Modules.Geometry.Tests.csproj", "{2176AA3E-3622-4824-832F-669A2159ED52}"
EndProject
Project("{FAE04EC0-301F-11D3-BF4B-00C04F79EFBC}") = "GeoViewer.Modules.Properties.Tests", "GeoViewer.Modules.Properties.Tests\GeoViewer.Modules.Properties.Tests.csproj", "{65EB2569-280C-4221-9289-642648EC325E}"
EndProject
Project("{FAE04EC0-301F-11D3-BF4B-00C04F79EFBC}") = "GeoViewer.Modules.Structure.Tests", "GeoViewer.Modules.Structure.Tests\GeoViewer.Modules.Structure.Tests.csproj", "{8A00328D-D3C1-47F3-8E1C-F7F9B40D6E0D}"
EndProject
Project("{FAE04EC0-301F-11D3-BF4B-00C04F79EFBC}") = "GeoViewer.Modules.Welcome.Tests", "GeoViewer.Modules.Welcome.Tests\GeoViewer.Modules.Welcome.Tests.csproj", "{28713F51-5B40-40F8-9184-A015D6E0FFFB}"
EndProject
Global
	GlobalSection(SolutionConfigurationPlatforms) = preSolution
		Debug|Any CPU = Debug|Any CPU
		Release|Any CPU = Release|Any CPU
	EndGlobalSection
	GlobalSection(ProjectConfigurationPlatforms) = postSolution
		{E4EF6924-3B98-4BDB-8C4E-1EC3B8AB7569}.Debug|Any CPU.ActiveCfg = Debug|Any CPU
		{E4EF6924-3B98-4BDB-8C4E-1EC3B8AB7569}.Debug|Any CPU.Build.0 = Debug|Any CPU
		{E4EF6924-3B98-4BDB-8C4E-1EC3B8AB7569}.Release|Any CPU.ActiveCfg = Release|Any CPU
		{E4EF6924-3B98-4BDB-8C4E-1EC3B8AB7569}.Release|Any CPU.Build.0 = Release|Any CPU
		{C6FCBB7E-209C-45B8-AA25-BA9FE96277F3}.Debug|Any CPU.ActiveCfg = Debug|Any CPU
		{C6FCBB7E-209C-45B8-AA25-BA9FE96277F3}.Debug|Any CPU.Build.0 = Debug|Any CPU
		{C6FCBB7E-209C-45B8-AA25-BA9FE96277F3}.Release|Any CPU.ActiveCfg = Release|Any CPU
		{C6FCBB7E-209C-45B8-AA25-BA9FE96277F3}.Release|Any CPU.Build.0 = Release|Any CPU
		{262CC5A5-165D-489A-B9D8-5F66D163AE45}.Debug|Any CPU.ActiveCfg = Debug|Any CPU
		{262CC5A5-165D-489A-B9D8-5F66D163AE45}.Debug|Any CPU.Build.0 = Debug|Any CPU
		{262CC5A5-165D-489A-B9D8-5F66D163AE45}.Release|Any CPU.ActiveCfg = Release|Any CPU
		{262CC5A5-165D-489A-B9D8-5F66D163AE45}.Release|Any CPU.Build.0 = Release|Any CPU
		{F1D9B353-0681-40D9-907F-BE9206D57F07}.Debug|Any CPU.ActiveCfg = Debug|Any CPU
		{F1D9B353-0681-40D9-907F-BE9206D57F07}.Debug|Any CPU.Build.0 = Debug|Any CPU
		{F1D9B353-0681-40D9-907F-BE9206D57F07}.Release|Any CPU.ActiveCfg = Release|Any CPU
		{F1D9B353-0681-40D9-907F-BE9206D57F07}.Release|Any CPU.Build.0 = Release|Any CPU
		{54F04B60-21A1-4433-BFF3-DA6A16E76FF0}.Debug|Any CPU.ActiveCfg = Debug|Any CPU
		{54F04B60-21A1-4433-BFF3-DA6A16E76FF0}.Debug|Any CPU.Build.0 = Debug|Any CPU
		{54F04B60-21A1-4433-BFF3-DA6A16E76FF0}.Release|Any CPU.ActiveCfg = Release|Any CPU
		{54F04B60-21A1-4433-BFF3-DA6A16E76FF0}.Release|Any CPU.Build.0 = Release|Any CPU
		{3174021C-5BCD-47E1-8D90-177808704A55}.Debug|Any CPU.ActiveCfg = Debug|Any CPU
		{3174021C-5BCD-47E1-8D90-177808704A55}.Debug|Any CPU.Build.0 = Debug|Any CPU
		{3174021C-5BCD-47E1-8D90-177808704A55}.Release|Any CPU.ActiveCfg = Release|Any CPU
		{3174021C-5BCD-47E1-8D90-177808704A55}.Release|Any CPU.Build.0 = Release|Any CPU
		{EC4C903E-8269-4252-9D78-3AFF60B72F1F}.Debug|Any CPU.ActiveCfg = Debug|Any CPU
		{EC4C903E-8269-4252-9D78-3AFF60B72F1F}.Debug|Any CPU.Build.0 = Debug|Any CPU
		{EC4C903E-8269-4252-9D78-3AFF60B72F1F}.Release|Any CPU.ActiveCfg = Release|Any CPU
		{EC4C903E-8269-4252-9D78-3AFF60B72F1F}.Release|Any CPU.Build.0 = Release|Any CPU
		{9BAD003F-FFD2-4386-985F-16040AAFB103}.Debug|Any CPU.ActiveCfg = Debug|Any CPU
		{9BAD003F-FFD2-4386-985F-16040AAFB103}.Debug|Any CPU.Build.0 = Debug|Any CPU
		{9BAD003F-FFD2-4386-985F-16040AAFB103}.Release|Any CPU.ActiveCfg = Release|Any CPU
		{9BAD003F-FFD2-4386-985F-16040AAFB103}.Release|Any CPU.Build.0 = Release|Any CPU
		{A636A023-87CF-4B0B-B2A6-540151D212C5}.Debug|Any CPU.ActiveCfg = Debug|Any CPU
		{A636A023-87CF-4B0B-B2A6-540151D212C5}.Debug|Any CPU.Build.0 = Debug|Any CPU
		{A636A023-87CF-4B0B-B2A6-540151D212C5}.Release|Any CPU.ActiveCfg = Release|Any CPU
		{A636A023-87CF-4B0B-B2A6-540151D212C5}.Release|Any CPU.Build.0 = Release|Any CPU
		{04AA2C42-4E0F-40E7-A0DD-9ABE14EA3BE3}.Debug|Any CPU.ActiveCfg = Debug|Any CPU
		{04AA2C42-4E0F-40E7-A0DD-9ABE14EA3BE3}.Debug|Any CPU.Build.0 = Debug|Any CPU
		{04AA2C42-4E0F-40E7-A0DD-9ABE14EA3BE3}.Release|Any CPU.ActiveCfg = Release|Any CPU
		{04AA2C42-4E0F-40E7-A0DD-9ABE14EA3BE3}.Release|Any CPU.Build.0 = Release|Any CPU
		{2176AA3E-3622-4824-832F-669A2159ED52}.Debug|Any CPU.ActiveCfg = Debug|Any CPU
		{2176AA3E-3622-4824-832F-669A2159ED52}.Debug|Any CPU.Build.0 = Debug|Any CPU
		{2176AA3E-3622-4824-832F-669A2159ED52}.Release|Any CPU.ActiveCfg = Release|Any CPU
		{2176AA3E-3622-4824-832F-669A2159ED52}.Release|Any CPU.Build.0 = Release|Any CPU
		{65EB2569-280C-4221-9289-642648EC325E}.Debug|Any CPU.ActiveCfg = Debug|Any CPU
		{65EB2569-280C-4221-9289-642648EC325E}.Debug|Any CPU.Build.0 = Debug|Any CPU
		{65EB2569-280C-4221-9289-642648EC325E}.Release|Any CPU.ActiveCfg = Release|Any CPU
		{65EB2569-280C-4221-9289-642648EC325E}.Release|Any CPU.Build.0 = Release|Any CPU
		{8A00328D-D3C1-47F3-8E1C-F7F9B40D6E0D}.Debug|Any CPU.ActiveCfg = Debug|Any CPU
		{8A00328D-D3C1-47F3-8E1C-F7F9B40D6E0D}.Debug|Any CPU.Build.0 = Debug|Any CPU
		{8A00328D-D3C1-47F3-8E1C-F7F9B40D6E0D}.Release|Any CPU.ActiveCfg = Release|Any CPU
		{8A00328D-D3C1-47F3-8E1C-F7F9B40D6E0D}.Release|Any CPU.Build.0 = Release|Any CPU
		{28713F51-5B40-40F8-9184-A015D6E0FFFB}.Debug|Any CPU.ActiveCfg = Debug|Any CPU
		{28713F51-5B40-40F8-9184-A015D6E0FFFB}.Debug|Any CPU.Build.0 = Debug|Any CPU
		{28713F51-5B40-40F8-9184-A015D6E0FFFB}.Release|Any CPU.ActiveCfg = Release|Any CPU
		{28713F51-5B40-40F8-9184-A015D6E0FFFB}.Release|Any CPU.Build.0 = Release|Any CPU
	EndGlobalSection
	GlobalSection(SolutionProperties) = preSolution
		HideSolutionNode = FALSE
	EndGlobalSection
	GlobalSection(NestedProjects) = preSolution
		{262CC5A5-165D-489A-B9D8-5F66D163AE45} = {5E53D27E-3899-4286-BFD7-13532C22E098}
		{F1D9B353-0681-40D9-907F-BE9206D57F07} = {5E53D27E-3899-4286-BFD7-13532C22E098}
		{54F04B60-21A1-4433-BFF3-DA6A16E76FF0} = {5E53D27E-3899-4286-BFD7-13532C22E098}
		{3174021C-5BCD-47E1-8D90-177808704A55} = {5E53D27E-3899-4286-BFD7-13532C22E098}
		{EC4C903E-8269-4252-9D78-3AFF60B72F1F} = {5E53D27E-3899-4286-BFD7-13532C22E098}
		{9BAD003F-FFD2-4386-985F-16040AAFB103} = {B34D008E-1A1E-41C7-A3E9-31DA5A1FC9DA}
		{A636A023-87CF-4B0B-B2A6-540151D212C5} = {B34D008E-1A1E-41C7-A3E9-31DA5A1FC9DA}
		{04AA2C42-4E0F-40E7-A0DD-9ABE14EA3BE3} = {B34D008E-1A1E-41C7-A3E9-31DA5A1FC9DA}
		{2176AA3E-3622-4824-832F-669A2159ED52} = {B34D008E-1A1E-41C7-A3E9-31DA5A1FC9DA}
		{65EB2569-280C-4221-9289-642648EC325E} = {B34D008E-1A1E-41C7-A3E9-31DA5A1FC9DA}
		{8A00328D-D3C1-47F3-8E1C-F7F9B40D6E0D} = {B34D008E-1A1E-41C7-A3E9-31DA5A1FC9DA}
		{28713F51-5B40-40F8-9184-A015D6E0FFFB} = {B34D008E-1A1E-41C7-A3E9-31DA5A1FC9DA}
	EndGlobalSection
EndGlobal
